// !$*UTF8*$!
{
	archiveVersion = 1;
	classes = {
	};
	objectVersion = 46;
	objects = {

/* Begin PBXBuildFile section */
		83B1C4FB1D105C0C004ACC01 /* AppDelegate.swift in Sources */ = {isa = PBXBuildFile; fileRef = 83B1C4FA1D105C0C004ACC01 /* AppDelegate.swift */; };
		83B1C4FD1D105C0C004ACC01 /* ViewController.swift in Sources */ = {isa = PBXBuildFile; fileRef = 83B1C4FC1D105C0C004ACC01 /* ViewController.swift */; };
		83B1C5001D105C0C004ACC01 /* Main.storyboard in Resources */ = {isa = PBXBuildFile; fileRef = 83B1C4FE1D105C0C004ACC01 /* Main.storyboard */; };
		83B1C5021D105C0C004ACC01 /* Assets.xcassets in Resources */ = {isa = PBXBuildFile; fileRef = 83B1C5011D105C0C004ACC01 /* Assets.xcassets */; };
		83B1C5051D105C0C004ACC01 /* LaunchScreen.storyboard in Resources */ = {isa = PBXBuildFile; fileRef = 83B1C5031D105C0C004ACC01 /* LaunchScreen.storyboard */; };
		83B1C5101D105C0C004ACC01 /* SpotifyerTests.swift in Sources */ = {isa = PBXBuildFile; fileRef = 83B1C50F1D105C0C004ACC01 /* SpotifyerTests.swift */; };
		83B1C51B1D105C0C004ACC01 /* SpotifyerUITests.swift in Sources */ = {isa = PBXBuildFile; fileRef = 83B1C51A1D105C0C004ACC01 /* SpotifyerUITests.swift */; };
/* End PBXBuildFile section */

/* Begin PBXContainerItemProxy section */
		83B1C50C1D105C0C004ACC01 /* PBXContainerItemProxy */ = {
			isa = PBXContainerItemProxy;
			containerPortal = 83B1C4EF1D105C0C004ACC01 /* Project object */;
			proxyType = 1;
			remoteGlobalIDString = 83B1C4F61D105C0C004ACC01;
			remoteInfo = Spotifyer;
		};
		83B1C5171D105C0C004ACC01 /* PBXContainerItemProxy */ = {
			isa = PBXContainerItemProxy;
			containerPortal = 83B1C4EF1D105C0C004ACC01 /* Project object */;
			proxyType = 1;
			remoteGlobalIDString = 83B1C4F61D105C0C004ACC01;
			remoteInfo = Spotifyer;
		};
/* End PBXContainerItemProxy section */

/* Begin PBXFileReference section */
		83B1C4F71D105C0C004ACC01 /* Spotifyer.app */ = {isa = PBXFileReference; explicitFileType = wrapper.application; includeInIndex = 0; path = Spotifyer.app; sourceTree = BUILT_PRODUCTS_DIR; };
		83B1C4FA1D105C0C004ACC01 /* AppDelegate.swift */ = {isa = PBXFileReference; lastKnownFileType = sourcecode.swift; path = AppDelegate.swift; sourceTree = "<group>"; };
		83B1C4FC1D105C0C004ACC01 /* ViewController.swift */ = {isa = PBXFileReference; lastKnownFileType = sourcecode.swift; path = ViewController.swift; sourceTree = "<group>"; };
		83B1C4FF1D105C0C004ACC01 /* Base */ = {isa = PBXFileReference; lastKnownFileType = file.storyboard; name = Base; path = Base.lproj/Main.storyboard; sourceTree = "<group>"; };
		83B1C5011D105C0C004ACC01 /* Assets.xcassets */ = {isa = PBXFileReference; lastKnownFileType = folder.assetcatalog; path = Assets.xcassets; sourceTree = "<group>"; };
		83B1C5041D105C0C004ACC01 /* Base */ = {isa = PBXFileReference; lastKnownFileType = file.storyboard; name = Base; path = Base.lproj/LaunchScreen.storyboard; sourceTree = "<group>"; };
		83B1C5061D105C0C004ACC01 /* Info.plist */ = {isa = PBXFileReference; lastKnownFileType = text.plist.xml; path = Info.plist; sourceTree = "<group>"; };
		83B1C50B1D105C0C004ACC01 /* SpotifyerTests.xctest */ = {isa = PBXFileReference; explicitFileType = wrapper.cfbundle; includeInIndex = 0; path = SpotifyerTests.xctest; sourceTree = BUILT_PRODUCTS_DIR; };
		83B1C50F1D105C0C004ACC01 /* SpotifyerTests.swift */ = {isa = PBXFileReference; lastKnownFileType = sourcecode.swift; path = SpotifyerTests.swift; sourceTree = "<group>"; };
		83B1C5111D105C0C004ACC01 /* Info.plist */ = {isa = PBXFileReference; lastKnownFileType = text.plist.xml; path = Info.plist; sourceTree = "<group>"; };
		83B1C5161D105C0C004ACC01 /* SpotifyerUITests.xctest */ = {isa = PBXFileReference; explicitFileType = wrapper.cfbundle; includeInIndex = 0; path = SpotifyerUITests.xctest; sourceTree = BUILT_PRODUCTS_DIR; };
		83B1C51A1D105C0C004ACC01 /* SpotifyerUITests.swift */ = {isa = PBXFileReference; lastKnownFileType = sourcecode.swift; path = SpotifyerUITests.swift; sourceTree = "<group>"; };
		83B1C51C1D105C0C004ACC01 /* Info.plist */ = {isa = PBXFileReference; lastKnownFileType = text.plist.xml; path = Info.plist; sourceTree = "<group>"; };
/* End PBXFileReference section */

/* Begin PBXFrameworksBuildPhase section */
		83B1C4F41D105C0C004ACC01 /* Frameworks */ = {
			isa = PBXFrameworksBuildPhase;
			buildActionMask = 2147483647;
			files = (
			);
			runOnlyForDeploymentPostprocessing = 0;
		};
		83B1C5081D105C0C004ACC01 /* Frameworks */ = {
			isa = PBXFrameworksBuildPhase;
			buildActionMask = 2147483647;
			files = (
			);
			runOnlyForDeploymentPostprocessing = 0;
		};
		83B1C5131D105C0C004ACC01 /* Frameworks */ = {
			isa = PBXFrameworksBuildPhase;
			buildActionMask = 2147483647;
			files = (
			);
			runOnlyForDeploymentPostprocessing = 0;
		};
/* End PBXFrameworksBuildPhase section */

/* Begin PBXGroup section */
		83B1C4EE1D105C0C004ACC01 = {
			isa = PBXGroup;
			children = (
				83B1C4F91D105C0C004ACC01 /* Spotifyer */,
				83B1C50E1D105C0C004ACC01 /* SpotifyerTests */,
				83B1C5191D105C0C004ACC01 /* SpotifyerUITests */,
				83B1C4F81D105C0C004ACC01 /* Products */,
			);
			sourceTree = "<group>";
		};
		83B1C4F81D105C0C004ACC01 /* Products */ = {
			isa = PBXGroup;
			children = (
				83B1C4F71D105C0C004ACC01 /* Spotifyer.app */,
				83B1C50B1D105C0C004ACC01 /* SpotifyerTests.xctest */,
				83B1C5161D105C0C004ACC01 /* SpotifyerUITests.xctest */,
			);
			name = Products;
			sourceTree = "<group>";
		};
		83B1C4F91D105C0C004ACC01 /* Spotifyer */ = {
			isa = PBXGroup;
			children = (
				83B1C4FA1D105C0C004ACC01 /* AppDelegate.swift */,
				83B1C4FC1D105C0C004ACC01 /* ViewController.swift */,
				83B1C4FE1D105C0C004ACC01 /* Main.storyboard */,
				83B1C5011D105C0C004ACC01 /* Assets.xcassets */,
				83B1C5031D105C0C004ACC01 /* LaunchScreen.storyboard */,
				83B1C5061D105C0C004ACC01 /* Info.plist */,
			);
			path = Spotifyer;
			sourceTree = "<group>";
		};
		83B1C50E1D105C0C004ACC01 /* SpotifyerTests */ = {
			isa = PBXGroup;
			children = (
				83B1C50F1D105C0C004ACC01 /* SpotifyerTests.swift */,
				83B1C5111D105C0C004ACC01 /* Info.plist */,
			);
			path = SpotifyerTests;
			sourceTree = "<group>";
		};
		83B1C5191D105C0C004ACC01 /* SpotifyerUITests */ = {
			isa = PBXGroup;
			children = (
				83B1C51A1D105C0C004ACC01 /* SpotifyerUITests.swift */,
				83B1C51C1D105C0C004ACC01 /* Info.plist */,
			);
			path = SpotifyerUITests;
			sourceTree = "<group>";
		};
/* End PBXGroup section */

/* Begin PBXNativeTarget section */
		83B1C4F61D105C0C004ACC01 /* Spotifyer */ = {
			isa = PBXNativeTarget;
			buildConfigurationList = 83B1C51F1D105C0C004ACC01 /* Build configuration list for PBXNativeTarget "Spotifyer" */;
			buildPhases = (
				83B1C4F31D105C0C004ACC01 /* Sources */,
				83B1C4F41D105C0C004ACC01 /* Frameworks */,
				83B1C4F51D105C0C004ACC01 /* Resources */,
			);
			buildRules = (
			);
			dependencies = (
			);
			name = Spotifyer;
			productName = Spotifyer;
			productReference = 83B1C4F71D105C0C004ACC01 /* Spotifyer.app */;
			productType = "com.apple.product-type.application";
		};
		83B1C50A1D105C0C004ACC01 /* SpotifyerTests */ = {
			isa = PBXNativeTarget;
			buildConfigurationList = 83B1C5221D105C0C004ACC01 /* Build configuration list for PBXNativeTarget "SpotifyerTests" */;
			buildPhases = (
				83B1C5071D105C0C004ACC01 /* Sources */,
				83B1C5081D105C0C004ACC01 /* Frameworks */,
				83B1C5091D105C0C004ACC01 /* Resources */,
			);
			buildRules = (
			);
			dependencies = (
				83B1C50D1D105C0C004ACC01 /* PBXTargetDependency */,
			);
			name = SpotifyerTests;
			productName = SpotifyerTests;
			productReference = 83B1C50B1D105C0C004ACC01 /* SpotifyerTests.xctest */;
			productType = "com.apple.product-type.bundle.unit-test";
		};
		83B1C5151D105C0C004ACC01 /* SpotifyerUITests */ = {
			isa = PBXNativeTarget;
			buildConfigurationList = 83B1C5251D105C0C004ACC01 /* Build configuration list for PBXNativeTarget "SpotifyerUITests" */;
			buildPhases = (
				83B1C5121D105C0C004ACC01 /* Sources */,
				83B1C5131D105C0C004ACC01 /* Frameworks */,
				83B1C5141D105C0C004ACC01 /* Resources */,
			);
			buildRules = (
			);
			dependencies = (
				83B1C5181D105C0C004ACC01 /* PBXTargetDependency */,
			);
			name = SpotifyerUITests;
			productName = SpotifyerUITests;
			productReference = 83B1C5161D105C0C004ACC01 /* SpotifyerUITests.xctest */;
			productType = "com.apple.product-type.bundle.ui-testing";
		};
/* End PBXNativeTarget section */

/* Begin PBXProject section */
		83B1C4EF1D105C0C004ACC01 /* Project object */ = {
			isa = PBXProject;
			attributes = {
				LastSwiftUpdateCheck = 0730;
				LastUpgradeCheck = 0730;
				ORGANIZATIONNAME = "Christopher Shea";
				TargetAttributes = {
					83B1C4F61D105C0C004ACC01 = {
						CreatedOnToolsVersion = 7.3.1;
					};
					83B1C50A1D105C0C004ACC01 = {
						CreatedOnToolsVersion = 7.3.1;
						TestTargetID = 83B1C4F61D105C0C004ACC01;
					};
					83B1C5151D105C0C004ACC01 = {
						CreatedOnToolsVersion = 7.3.1;
						TestTargetID = 83B1C4F61D105C0C004ACC01;
					};
				};
			};
			buildConfigurationList = 83B1C4F21D105C0C004ACC01 /* Build configuration list for PBXProject "Spotifyer" */;
			compatibilityVersion = "Xcode 3.2";
			developmentRegion = English;
			hasScannedForEncodings = 0;
			knownRegions = (
				en,
				Base,
			);
			mainGroup = 83B1C4EE1D105C0C004ACC01;
			productRefGroup = 83B1C4F81D105C0C004ACC01 /* Products */;
			projectDirPath = "";
			projectRoot = "";
			targets = (
				83B1C4F61D105C0C004ACC01 /* Spotifyer */,
				83B1C50A1D105C0C004ACC01 /* SpotifyerTests */,
				83B1C5151D105C0C004ACC01 /* SpotifyerUITests */,
			);
		};
/* End PBXProject section */

/* Begin PBXResourcesBuildPhase section */
		83B1C4F51D105C0C004ACC01 /* Resources */ = {
			isa = PBXResourcesBuildPhase;
			buildActionMask = 2147483647;
			files = (
				83B1C5051D105C0C004ACC01 /* LaunchScreen.storyboard in Resources */,
				83B1C5021D105C0C004ACC01 /* Assets.xcassets in Resources */,
				83B1C5001D105C0C004ACC01 /* Main.storyboard in Resources */,
			);
			runOnlyForDeploymentPostprocessing = 0;
		};
		83B1C5091D105C0C004ACC01 /* Resources */ = {
			isa = PBXResourcesBuildPhase;
			buildActionMask = 2147483647;
			files = (
			);
			runOnlyForDeploymentPostprocessing = 0;
		};
		83B1C5141D105C0C004ACC01 /* Resources */ = {
			isa = PBXResourcesBuildPhase;
			buildActionMask = 2147483647;
			files = (
			);
			runOnlyForDeploymentPostprocessing = 0;
		};
/* End PBXResourcesBuildPhase section */

/* Begin PBXSourcesBuildPhase section */
		83B1C4F31D105C0C004ACC01 /* Sources */ = {
			isa = PBXSourcesBuildPhase;
			buildActionMask = 2147483647;
			files = (
				83B1C4FD1D105C0C004ACC01 /* ViewController.swift in Sources */,
				83B1C4FB1D105C0C004ACC01 /* AppDelegate.swift in Sources */,
			);
			runOnlyForDeploymentPostprocessing = 0;
		};
		83B1C5071D105C0C004ACC01 /* Sources */ = {
			isa = PBXSourcesBuildPhase;
			buildActionMask = 2147483647;
			files = (
				83B1C5101D105C0C004ACC01 /* SpotifyerTests.swift in Sources */,
			);
			runOnlyForDeploymentPostprocessing = 0;
		};
		83B1C5121D105C0C004ACC01 /* Sources */ = {
			isa = PBXSourcesBuildPhase;
			buildActionMask = 2147483647;
			files = (
				83B1C51B1D105C0C004ACC01 /* SpotifyerUITests.swift in Sources */,
			);
			runOnlyForDeploymentPostprocessing = 0;
		};
/* End PBXSourcesBuildPhase section */

/* Begin PBXTargetDependency section */
		83B1C50D1D105C0C004ACC01 /* PBXTargetDependency */ = {
			isa = PBXTargetDependency;
			target = 83B1C4F61D105C0C004ACC01 /* Spotifyer */;
			targetProxy = 83B1C50C1D105C0C004ACC01 /* PBXContainerItemProxy */;
		};
		83B1C5181D105C0C004ACC01 /* PBXTargetDependency */ = {
			isa = PBXTargetDependency;
			target = 83B1C4F61D105C0C004ACC01 /* Spotifyer */;
			targetProxy = 83B1C5171D105C0C004ACC01 /* PBXContainerItemProxy */;
		};
/* End PBXTargetDependency section */

/* Begin PBXVariantGroup section */
		83B1C4FE1D105C0C004ACC01 /* Main.storyboard */ = {
			isa = PBXVariantGroup;
			children = (
				83B1C4FF1D105C0C004ACC01 /* Base */,
			);
			name = Main.storyboard;
			sourceTree = "<group>";
		};
		83B1C5031D105C0C004ACC01 /* LaunchScreen.storyboard */ = {
			isa = PBXVariantGroup;
			children = (
				83B1C5041D105C0C004ACC01 /* Base */,
			);
			name = LaunchScreen.storyboard;
			sourceTree = "<group>";
		};
/* End PBXVariantGroup section */

/* Begin XCBuildConfiguration section */
		83B1C51D1D105C0C004ACC01 /* Debug */ = {
			isa = XCBuildConfiguration;
			buildSettings = {
				ALWAYS_SEARCH_USER_PATHS = NO;
				CLANG_ANALYZER_NONNULL = YES;
				CLANG_CXX_LANGUAGE_STANDARD = "gnu++0x";
				CLANG_CXX_LIBRARY = "libc++";
				CLANG_ENABLE_MODULES = YES;
				CLANG_ENABLE_OBJC_ARC = YES;
				CLANG_WARN_BOOL_CONVERSION = YES;
				CLANG_WARN_CONSTANT_CONVERSION = YES;
				CLANG_WARN_DIRECT_OBJC_ISA_USAGE = YES_ERROR;
				CLANG_WARN_EMPTY_BODY = YES;
				CLANG_WARN_ENUM_CONVERSION = YES;
				CLANG_WARN_INT_CONVERSION = YES;
				CLANG_WARN_OBJC_ROOT_CLASS = YES_ERROR;
				CLANG_WARN_UNREACHABLE_CODE = YES;
				CLANG_WARN__DUPLICATE_METHOD_MATCH = YES;
				"CODE_SIGN_IDENTITY[sdk=iphoneos*]" = "iPhone Developer";
				COPY_PHASE_STRIP = NO;
				DEBUG_INFORMATION_FORMAT = dwarf;
				ENABLE_STRICT_OBJC_MSGSEND = YES;
				ENABLE_TESTABILITY = YES;
				GCC_C_LANGUAGE_STANDARD = gnu99;
				GCC_DYNAMIC_NO_PIC = NO;
				GCC_NO_COMMON_BLOCKS = YES;
				GCC_OPTIMIZATION_LEVEL = 0;
				GCC_PREPROCESSOR_DEFINITIONS = (
					"DEBUG=1",
					"$(inherited)",
				);
				GCC_WARN_64_TO_32_BIT_CONVERSION = YES;
				GCC_WARN_ABOUT_RETURN_TYPE = YES_ERROR;
				GCC_WARN_UNDECLARED_SELECTOR = YES;
				GCC_WARN_UNINITIALIZED_AUTOS = YES_AGGRESSIVE;
				GCC_WARN_UNUSED_FUNCTION = YES;
				GCC_WARN_UNUSED_VARIABLE = YES;
				IPHONEOS_DEPLOYMENT_TARGET = 9.3;
				MTL_ENABLE_DEBUG_INFO = YES;
				ONLY_ACTIVE_ARCH = YES;
				SDKROOT = iphoneos;
				SWIFT_OPTIMIZATION_LEVEL = "-Onone";
				TARGETED_DEVICE_FAMILY = "1,2";
			};
			name = Debug;
		};
		83B1C51E1D105C0C004ACC01 /* Release */ = {
			isa = XCBuildConfiguration;
			buildSettings = {
				ALWAYS_SEARCH_USER_PATHS = NO;
				CLANG_ANALYZER_NONNULL = YES;
				CLANG_CXX_LANGUAGE_STANDARD = "gnu++0x";
				CLANG_CXX_LIBRARY = "libc++";
				CLANG_ENABLE_MODULES = YES;
				CLANG_ENABLE_OBJC_ARC = YES;
				CLANG_WARN_BOOL_CONVERSION = YES;
				CLANG_WARN_CONSTANT_CONVERSION = YES;
				CLANG_WARN_DIRECT_OBJC_ISA_USAGE = YES_ERROR;
				CLANG_WARN_EMPTY_BODY = YES;
				CLANG_WARN_ENUM_CONVERSION = YES;
				CLANG_WARN_INT_CONVERSION = YES;
				CLANG_WARN_OBJC_ROOT_CLASS = YES_ERROR;
				CLANG_WARN_UNREACHABLE_CODE = YES;
				CLANG_WARN__DUPLICATE_METHOD_MATCH = YES;
				"CODE_SIGN_IDENTITY[sdk=iphoneos*]" = "iPhone Developer";
				COPY_PHASE_STRIP = NO;
				DEBUG_INFORMATION_FORMAT = "dwarf-with-dsym";
				ENABLE_NS_ASSERTIONS = NO;
				ENABLE_STRICT_OBJC_MSGSEND = YES;
				GCC_C_LANGUAGE_STANDARD = gnu99;
				GCC_NO_COMMON_BLOCKS = YES;
				GCC_WARN_64_TO_32_BIT_CONVERSION = YES;
				GCC_WARN_ABOUT_RETURN_TYPE = YES_ERROR;
				GCC_WARN_UNDECLARED_SELECTOR = YES;
				GCC_WARN_UNINITIALIZED_AUTOS = YES_AGGRESSIVE;
				GCC_WARN_UNUSED_FUNCTION = YES;
				GCC_WARN_UNUSED_VARIABLE = YES;
				IPHONEOS_DEPLOYMENT_TARGET = 9.3;
				MTL_ENABLE_DEBUG_INFO = NO;
				SDKROOT = iphoneos;
				TARGETED_DEVICE_FAMILY = "1,2";
				VALIDATE_PRODUCT = YES;
			};
			name = Release;
		};
		83B1C5201D105C0C004ACC01 /* Debug */ = {
			isa = XCBuildConfiguration;
			buildSettings = {
				ASSETCATALOG_COMPILER_APPICON_NAME = AppIcon;
				INFOPLIST_FILE = Spotifyer/Info.plist;
				LD_RUNPATH_SEARCH_PATHS = "$(inherited) @executable_path/Frameworks";
				PRODUCT_BUNDLE_IDENTIFIER = com.chrisshea.Spotifyer;
				PRODUCT_NAME = "$(TARGET_NAME)";
			};
			name = Debug;
		};
		83B1C5211D105C0C004ACC01 /* Release */ = {
			isa = XCBuildConfiguration;
			buildSettings = {
				ASSETCATALOG_COMPILER_APPICON_NAME = AppIcon;
				INFOPLIST_FILE = Spotifyer/Info.plist;
				LD_RUNPATH_SEARCH_PATHS = "$(inherited) @executable_path/Frameworks";
				PRODUCT_BUNDLE_IDENTIFIER = com.chrisshea.Spotifyer;
				PRODUCT_NAME = "$(TARGET_NAME)";
			};
			name = Release;
		};
		83B1C5231D105C0C004ACC01 /* Debug */ = {
			isa = XCBuildConfiguration;
			buildSettings = {
				BUNDLE_LOADER = "$(TEST_HOST)";
				INFOPLIST_FILE = SpotifyerTests/Info.plist;
				LD_RUNPATH_SEARCH_PATHS = "$(inherited) @executable_path/Frameworks @loader_path/Frameworks";
				PRODUCT_BUNDLE_IDENTIFIER = com.chrisshea.SpotifyerTests;
				PRODUCT_NAME = "$(TARGET_NAME)";
				TEST_HOST = "$(BUILT_PRODUCTS_DIR)/Spotifyer.app/Spotifyer";
			};
			name = Debug;
		};
		83B1C5241D105C0C004ACC01 /* Release */ = {
			isa = XCBuildConfiguration;
			buildSettings = {
				BUNDLE_LOADER = "$(TEST_HOST)";
				INFOPLIST_FILE = SpotifyerTests/Info.plist;
				LD_RUNPATH_SEARCH_PATHS = "$(inherited) @executable_path/Frameworks @loader_path/Frameworks";
				PRODUCT_BUNDLE_IDENTIFIER = com.chrisshea.SpotifyerTests;
				PRODUCT_NAME = "$(TARGET_NAME)";
				TEST_HOST = "$(BUILT_PRODUCTS_DIR)/Spotifyer.app/Spotifyer";
			};
			name = Release;
		};
		83B1C5261D105C0C004ACC01 /* Debug */ = {
			isa = XCBuildConfiguration;
			buildSettings = {
				INFOPLIST_FILE = SpotifyerUITests/Info.plist;
				LD_RUNPATH_SEARCH_PATHS = "$(inherited) @executable_path/Frameworks @loader_path/Frameworks";
				PRODUCT_BUNDLE_IDENTIFIER = com.chrisshea.SpotifyerUITests;
				PRODUCT_NAME = "$(TARGET_NAME)";
				TEST_TARGET_NAME = Spotifyer;
			};
			name = Debug;
		};
		83B1C5271D105C0C004ACC01 /* Release */ = {
			isa = XCBuildConfiguration;
			buildSettings = {
				INFOPLIST_FILE = SpotifyerUITests/Info.plist;
				LD_RUNPATH_SEARCH_PATHS = "$(inherited) @executable_path/Frameworks @loader_path/Frameworks";
				PRODUCT_BUNDLE_IDENTIFIER = com.chrisshea.SpotifyerUITests;
				PRODUCT_NAME = "$(TARGET_NAME)";
				TEST_TARGET_NAME = Spotifyer;
			};
			name = Release;
		};
/* End XCBuildConfiguration section */

/* Begin XCConfigurationList section */
		83B1C4F21D105C0C004ACC01 /* Build configuration list for PBXProject "Spotifyer" */ = {
			isa = XCConfigurationList;
			buildConfigurations = (
				83B1C51D1D105C0C004ACC01 /* Debug */,
				83B1C51E1D105C0C004ACC01 /* Release */,
			);
			defaultConfigurationIsVisible = 0;
			defaultConfigurationName = Release;
		};
		83B1C51F1D105C0C004ACC01 /* Build configuration list for PBXNativeTarget "Spotifyer" */ = {
			isa = XCConfigurationList;
			buildConfigurations = (
				83B1C5201D105C0C004ACC01 /* Debug */,
				83B1C5211D105C0C004ACC01 /* Release */,
			);
			defaultConfigurationIsVisible = 0;
		};
		83B1C5221D105C0C004ACC01 /* Build configuration list for PBXNativeTarget "SpotifyerTests" */ = {
			isa = XCConfigurationList;
			buildConfigurations = (
				83B1C5231D105C0C004ACC01 /* Debug */,
				83B1C5241D105C0C004ACC01 /* Release */,
			);
			defaultConfigurationIsVisible = 0;
		};
		83B1C5251D105C0C004ACC01 /* Build configuration list for PBXNativeTarget "SpotifyerUITests" */ = {
			isa = XCConfigurationList;
			buildConfigurations = (
				83B1C5261D105C0C004ACC01 /* Debug */,
				83B1C5271D105C0C004ACC01 /* Release */,
			);
			defaultConfigurationIsVisible = 0;
		};
/* End XCConfigurationList section */
	};
	rootObject = 83B1C4EF1D105C0C004ACC01 /* Project object */;
}
